
Microsoft Visual Studio Solution File, Format Version 12.00
# Visual Studio Version 17
VisualStudioVersion = 17.0.31903.59
MinimumVisualStudioVersion = 10.0.40219.1
Project("{FAE04EC0-301F-11D3-BF4B-00C04F79EFBC}") = "Horus.Modules.Core.IntegrationTests", "LuzInga.IntegrationTests\Horus.Modules.Core.IntegrationTests.csproj", "{238FF8F2-E6B9-4381-90D6-335046C5B3B7}"
EndProject
Project("{FAE04EC0-301F-11D3-BF4B-00C04F79EFBC}") = "Horus.Modules.Core.Playground", "LuzInga.Playground\Horus.Modules.Core.Playground.csproj", "{CB45512B-C43B-47A8-B0DC-3F99B5FA5A9F}"
EndProject
Project("{FAE04EC0-301F-11D3-BF4B-00C04F79EFBC}") = "Horus.Modules.Core.Playground2", "LuzInga.Playground2\Horus.Modules.Core.Playground2.csproj", "{B647AA50-0AC3-4B63-8B26-11A8BD1A5ACE}"
EndProject
Project("{FAE04EC0-301F-11D3-BF4B-00C04F79EFBC}") = "Horus.Modules.Core.UnitTests", "LuzInga.UnitTests\Horus.Modules.Core.UnitTests.csproj", "{0AB63AB8-E95B-4FC8-B91F-88D137FF4B73}"
EndProject
Project("{2150E333-8FDC-42A3-9474-1A3956D46DE8}") = "Core", "Core", "{C6EC21A4-D824-4DF3-B2F3-E9146278333A}"
EndProject
Project("{2150E333-8FDC-42A3-9474-1A3956D46DE8}") = "Api", "Api", "{C6B280CD-97EA-444E-AE3C-E6FE138648EC}"
EndProject
Project("{FAE04EC0-301F-11D3-BF4B-00C04F79EFBC}") = "Horus.RootBootstrapper", "Api\RootBootstrapper\Horus.RootBootstrapper.csproj", "{87924EF5-2450-4B41-8A69-47E14306A6D9}"
EndProject
Project("{2150E333-8FDC-42A3-9474-1A3956D46DE8}") = "Shared", "Shared", "{9DC2F2FE-D992-4FA8-A119-C42726DC0F4C}"
EndProject
Project("{FAE04EC0-301F-11D3-BF4B-00C04F79EFBC}") = "Horus.Modules.Shared.Contracts", "Shared\LuzInga.Contracts\Horus.Modules.Shared.Contracts.csproj", "{F3B2252C-2839-4730-9B37-7F607DC93C26}"
EndProject
Project("{FAE04EC0-301F-11D3-BF4B-00C04F79EFBC}") = "Horus.Modules.Shared.Infra", "Shared\Horus.Modules.Shared.Infra\Horus.Modules.Shared.Infra.csproj", "{42D0E0FD-D7ED-4505-8DF5-90F3200440C3}"
EndProject
Project("{2150E333-8FDC-42A3-9474-1A3956D46DE8}") = "Modules", "Modules", "{91E6F038-FF35-4C64-9B08-BB44B707944C}"
EndProject
Project("{FAE04EC0-301F-11D3-BF4B-00C04F79EFBC}") = "Horus.Modules.Core.Contract", "Horus.Modules.Core.Contract\Horus.Modules.Core.Contract.csproj", "{650ACB5D-37AC-4410-A99F-2D17A5A5567D}"
EndProject
Project("{2150E333-8FDC-42A3-9474-1A3956D46DE8}") = "DataAnalytics", "DataAnalytics", "{F29C13FD-00D8-49B6-95FF-DEEF05333849}"
EndProject
Project("{FAE04EC0-301F-11D3-BF4B-00C04F79EFBC}") = "Horus.Modules.DataAnalytics.Contract", "Horus.Modules.DataAnalytics.Contract\Horus.Modules.DataAnalytics.Contract.csproj", "{1245374E-96FF-42BA-B094-D51FBFD79037}"
EndProject
Project("{FAE04EC0-301F-11D3-BF4B-00C04F79EFBC}") = "Horus.Modules.Core.Application", "Horus.Modules.Core.Application\Horus.Modules.Core.Application.csproj", "{431AECF0-4145-4E21-AB7A-232EC5DC1C68}"
EndProject
Project("{FAE04EC0-301F-11D3-BF4B-00C04F79EFBC}") = "Horus.Modules.Core.Domain", "Horus.Modules.Core.Domain\Horus.Modules.Core.Domain.csproj", "{7255DDD1-AFA5-4074-8842-6C24245BBD06}"
EndProject
Project("{FAE04EC0-301F-11D3-BF4B-00C04F79EFBC}") = "Horus.Modules.Core.Infra", "Horus.Modules.Core.Infra\Horus.Modules.Core.Infra.csproj", "{8CB465C1-4F87-455A-91AB-454672BB2B21}"
EndProject
Project("{FAE04EC0-301F-11D3-BF4B-00C04F79EFBC}") = "Horus.Modules.Core.Benchmarks", "Horus.Modules.Core.Benchmarks\Horus.Modules.Core.Benchmarks.csproj", "{794FFFDD-F96E-4BF0-A82D-C3401E43C4FB}"
EndProject
Global
	GlobalSection(SolutionConfigurationPlatforms) = preSolution
		Debug|Any CPU = Debug|Any CPU
		Release|Any CPU = Release|Any CPU
	EndGlobalSection
	GlobalSection(ProjectConfigurationPlatforms) = postSolution
		{A4A8DD46-A69C-4310-804D-37B643FB2C96}.Debug|Any CPU.ActiveCfg = Debug|Any CPU
		{A4A8DD46-A69C-4310-804D-37B643FB2C96}.Debug|Any CPU.Build.0 = Debug|Any CPU
		{A4A8DD46-A69C-4310-804D-37B643FB2C96}.Release|Any CPU.ActiveCfg = Release|Any CPU
		{A4A8DD46-A69C-4310-804D-37B643FB2C96}.Release|Any CPU.Build.0 = Release|Any CPU
		{F27ACFEE-E804-4FF6-A3C7-E486F8020217}.Debug|Any CPU.ActiveCfg = Debug|Any CPU
		{F27ACFEE-E804-4FF6-A3C7-E486F8020217}.Debug|Any CPU.Build.0 = Debug|Any CPU
		{F27ACFEE-E804-4FF6-A3C7-E486F8020217}.Release|Any CPU.ActiveCfg = Release|Any CPU
		{F27ACFEE-E804-4FF6-A3C7-E486F8020217}.Release|Any CPU.Build.0 = Release|Any CPU
		{2081934E-A451-4F02-9D00-68E41219EA17}.Debug|Any CPU.ActiveCfg = Debug|Any CPU
		{2081934E-A451-4F02-9D00-68E41219EA17}.Debug|Any CPU.Build.0 = Debug|Any CPU
		{2081934E-A451-4F02-9D00-68E41219EA17}.Release|Any CPU.ActiveCfg = Release|Any CPU
		{2081934E-A451-4F02-9D00-68E41219EA17}.Release|Any CPU.Build.0 = Release|Any CPU
		{238FF8F2-E6B9-4381-90D6-335046C5B3B7}.Debug|Any CPU.ActiveCfg = Debug|Any CPU
		{238FF8F2-E6B9-4381-90D6-335046C5B3B7}.Debug|Any CPU.Build.0 = Debug|Any CPU
		{238FF8F2-E6B9-4381-90D6-335046C5B3B7}.Release|Any CPU.ActiveCfg = Release|Any CPU
		{238FF8F2-E6B9-4381-90D6-335046C5B3B7}.Release|Any CPU.Build.0 = Release|Any CPU
		{CB45512B-C43B-47A8-B0DC-3F99B5FA5A9F}.Debug|Any CPU.ActiveCfg = Debug|Any CPU
		{CB45512B-C43B-47A8-B0DC-3F99B5FA5A9F}.Debug|Any CPU.Build.0 = Debug|Any CPU
		{CB45512B-C43B-47A8-B0DC-3F99B5FA5A9F}.Release|Any CPU.ActiveCfg = Release|Any CPU
		{CB45512B-C43B-47A8-B0DC-3F99B5FA5A9F}.Release|Any CPU.Build.0 = Release|Any CPU
		{B647AA50-0AC3-4B63-8B26-11A8BD1A5ACE}.Debug|Any CPU.ActiveCfg = Debug|Any CPU
		{B647AA50-0AC3-4B63-8B26-11A8BD1A5ACE}.Debug|Any CPU.Build.0 = Debug|Any CPU
		{B647AA50-0AC3-4B63-8B26-11A8BD1A5ACE}.Release|Any CPU.ActiveCfg = Release|Any CPU
		{B647AA50-0AC3-4B63-8B26-11A8BD1A5ACE}.Release|Any CPU.Build.0 = Release|Any CPU
		{0AB63AB8-E95B-4FC8-B91F-88D137FF4B73}.Debug|Any CPU.ActiveCfg = Debug|Any CPU
		{0AB63AB8-E95B-4FC8-B91F-88D137FF4B73}.Debug|Any CPU.Build.0 = Debug|Any CPU
		{0AB63AB8-E95B-4FC8-B91F-88D137FF4B73}.Release|Any CPU.ActiveCfg = Release|Any CPU
		{0AB63AB8-E95B-4FC8-B91F-88D137FF4B73}.Release|Any CPU.Build.0 = Release|Any CPU
		{87924EF5-2450-4B41-8A69-47E14306A6D9}.Debug|Any CPU.ActiveCfg = Debug|Any CPU
		{87924EF5-2450-4B41-8A69-47E14306A6D9}.Debug|Any CPU.Build.0 = Debug|Any CPU
		{87924EF5-2450-4B41-8A69-47E14306A6D9}.Release|Any CPU.ActiveCfg = Release|Any CPU
		{87924EF5-2450-4B41-8A69-47E14306A6D9}.Release|Any CPU.Build.0 = Release|Any CPU
		{F3B2252C-2839-4730-9B37-7F607DC93C26}.Debug|Any CPU.ActiveCfg = Debug|Any CPU
		{F3B2252C-2839-4730-9B37-7F607DC93C26}.Debug|Any CPU.Build.0 = Debug|Any CPU
		{F3B2252C-2839-4730-9B37-7F607DC93C26}.Release|Any CPU.ActiveCfg = Release|Any CPU
		{F3B2252C-2839-4730-9B37-7F607DC93C26}.Release|Any CPU.Build.0 = Release|Any CPU
		{42D0E0FD-D7ED-4505-8DF5-90F3200440C3}.Debug|Any CPU.ActiveCfg = Debug|Any CPU
		{42D0E0FD-D7ED-4505-8DF5-90F3200440C3}.Debug|Any CPU.Build.0 = Debug|Any CPU
		{42D0E0FD-D7ED-4505-8DF5-90F3200440C3}.Release|Any CPU.ActiveCfg = Release|Any CPU
		{42D0E0FD-D7ED-4505-8DF5-90F3200440C3}.Release|Any CPU.Build.0 = Release|Any CPU
		{650ACB5D-37AC-4410-A99F-2D17A5A5567D}.Debug|Any CPU.ActiveCfg = Debug|Any CPU
		{650ACB5D-37AC-4410-A99F-2D17A5A5567D}.Debug|Any CPU.Build.0 = Debug|Any CPU
		{650ACB5D-37AC-4410-A99F-2D17A5A5567D}.Release|Any CPU.ActiveCfg = Release|Any CPU
		{650ACB5D-37AC-4410-A99F-2D17A5A5567D}.Release|Any CPU.Build.0 = Release|Any CPU
		{1245374E-96FF-42BA-B094-D51FBFD79037}.Debug|Any CPU.ActiveCfg = Debug|Any CPU
		{1245374E-96FF-42BA-B094-D51FBFD79037}.Debug|Any CPU.Build.0 = Debug|Any CPU
		{1245374E-96FF-42BA-B094-D51FBFD79037}.Release|Any CPU.ActiveCfg = Release|Any CPU
		{1245374E-96FF-42BA-B094-D51FBFD79037}.Release|Any CPU.Build.0 = Release|Any CPU
		{431AECF0-4145-4E21-AB7A-232EC5DC1C68}.Debug|Any CPU.ActiveCfg = Debug|Any CPU
		{431AECF0-4145-4E21-AB7A-232EC5DC1C68}.Debug|Any CPU.Build.0 = Debug|Any CPU
		{431AECF0-4145-4E21-AB7A-232EC5DC1C68}.Release|Any CPU.ActiveCfg = Release|Any CPU
		{431AECF0-4145-4E21-AB7A-232EC5DC1C68}.Release|Any CPU.Build.0 = Release|Any CPU
		{7255DDD1-AFA5-4074-8842-6C24245BBD06}.Debug|Any CPU.ActiveCfg = Debug|Any CPU
		{7255DDD1-AFA5-4074-8842-6C24245BBD06}.Debug|Any CPU.Build.0 = Debug|Any CPU
		{7255DDD1-AFA5-4074-8842-6C24245BBD06}.Release|Any CPU.ActiveCfg = Release|Any CPU
		{7255DDD1-AFA5-4074-8842-6C24245BBD06}.Release|Any CPU.Build.0 = Release|Any CPU
		{8CB465C1-4F87-455A-91AB-454672BB2B21}.Debug|Any CPU.ActiveCfg = Debug|Any CPU
		{8CB465C1-4F87-455A-91AB-454672BB2B21}.Debug|Any CPU.Build.0 = Debug|Any CPU
		{8CB465C1-4F87-455A-91AB-454672BB2B21}.Release|Any CPU.ActiveCfg = Release|Any CPU
		{8CB465C1-4F87-455A-91AB-454672BB2B21}.Release|Any CPU.Build.0 = Release|Any CPU
		{794FFFDD-F96E-4BF0-A82D-C3401E43C4FB}.Debug|Any CPU.ActiveCfg = Debug|Any CPU
		{794FFFDD-F96E-4BF0-A82D-C3401E43C4FB}.Debug|Any CPU.Build.0 = Debug|Any CPU
		{794FFFDD-F96E-4BF0-A82D-C3401E43C4FB}.Release|Any CPU.ActiveCfg = Release|Any CPU
		{794FFFDD-F96E-4BF0-A82D-C3401E43C4FB}.Release|Any CPU.Build.0 = Release|Any CPU
	EndGlobalSection
	GlobalSection(SolutionProperties) = preSolution
		HideSolutionNode = FALSE
	EndGlobalSection
	GlobalSection(NestedProjects) = preSolution
		{A4A8DD46-A69C-4310-804D-37B643FB2C96} = {C6EC21A4-D824-4DF3-B2F3-E9146278333A}
		{F27ACFEE-E804-4FF6-A3C7-E486F8020217} = {C6EC21A4-D824-4DF3-B2F3-E9146278333A}
		{2081934E-A451-4F02-9D00-68E41219EA17} = {C6EC21A4-D824-4DF3-B2F3-E9146278333A}
		{238FF8F2-E6B9-4381-90D6-335046C5B3B7} = {C6EC21A4-D824-4DF3-B2F3-E9146278333A}
		{CB45512B-C43B-47A8-B0DC-3F99B5FA5A9F} = {C6EC21A4-D824-4DF3-B2F3-E9146278333A}
		{B647AA50-0AC3-4B63-8B26-11A8BD1A5ACE} = {C6EC21A4-D824-4DF3-B2F3-E9146278333A}
		{0AB63AB8-E95B-4FC8-B91F-88D137FF4B73} = {C6EC21A4-D824-4DF3-B2F3-E9146278333A}
		{87924EF5-2450-4B41-8A69-47E14306A6D9} = {C6B280CD-97EA-444E-AE3C-E6FE138648EC}
		{F3B2252C-2839-4730-9B37-7F607DC93C26} = {9DC2F2FE-D992-4FA8-A119-C42726DC0F4C}
		{42D0E0FD-D7ED-4505-8DF5-90F3200440C3} = {9DC2F2FE-D992-4FA8-A119-C42726DC0F4C}
		{C6EC21A4-D824-4DF3-B2F3-E9146278333A} = {91E6F038-FF35-4C64-9B08-BB44B707944C}
		{650ACB5D-37AC-4410-A99F-2D17A5A5567D} = {C6EC21A4-D824-4DF3-B2F3-E9146278333A}
		{F29C13FD-00D8-49B6-95FF-DEEF05333849} = {91E6F038-FF35-4C64-9B08-BB44B707944C}
		{1245374E-96FF-42BA-B094-D51FBFD79037} = {F29C13FD-00D8-49B6-95FF-DEEF05333849}
		{7255DDD1-AFA5-4074-8842-6C24245BBD06} = {C6EC21A4-D824-4DF3-B2F3-E9146278333A}
		{431AECF0-4145-4E21-AB7A-232EC5DC1C68} = {C6EC21A4-D824-4DF3-B2F3-E9146278333A}
		{8CB465C1-4F87-455A-91AB-454672BB2B21} = {C6EC21A4-D824-4DF3-B2F3-E9146278333A}
		{794FFFDD-F96E-4BF0-A82D-C3401E43C4FB} = {C6EC21A4-D824-4DF3-B2F3-E9146278333A}
	EndGlobalSection
EndGlobal
